
Microsoft Visual Studio Solution File, Format Version 12.00
# Visual Studio Version 17
VisualStudioVersion = 17.14.36401.2 d17.14
MinimumVisualStudioVersion = 10.0.40219.1
Project("{FAE04EC0-301F-11D3-BF4B-00C04F79EFBC}") = "DadosDeEmpregados", "DadosDeEmpregados.csproj", "{7D472CBE-2D4A-4977-B4E5-5C1491D1A0B5}"
EndProject
Global
	GlobalSection(SolutionConfigurationPlatforms) = preSolution
		Debug|Any CPU = Debug|Any CPU
		Release|Any CPU = Release|Any CPU
	EndGlobalSection
	GlobalSection(ProjectConfigurationPlatforms) = postSolution
		{7D472CBE-2D4A-4977-B4E5-5C1491D1A0B5}.Debug|Any CPU.ActiveCfg = Debug|Any CPU
		{7D472CBE-2D4A-4977-B4E5-5C1491D1A0B5}.Debug|Any CPU.Build.0 = Debug|Any CPU
		{7D472CBE-2D4A-4977-B4E5-5C1491D1A0B5}.Release|Any CPU.ActiveCfg = Release|Any CPU
		{7D472CBE-2D4A-4977-B4E5-5C1491D1A0B5}.Release|Any CPU.Build.0 = Release|Any CPU
	EndGlobalSection
	GlobalSection(SolutionProperties) = preSolution
		HideSolutionNode = FALSE
	EndGlobalSection
	GlobalSection(ExtensibilityGlobals) = postSolution
		SolutionGuid = {CF3A78D9-11BE-4C42-9392-BEE5E8F3DA30}
	EndGlobalSection
EndGlobal
