
Microsoft Visual Studio Solution File, Format Version 12.00
# Visual Studio Version 17
VisualStudioVersion = 17.14.36401.2 d17.14
MinimumVisualStudioVersion = 10.0.40219.1
Project("{FAE04EC0-301F-11D3-BF4B-00C04F79EFBC}") = "ex3", "ex3\ex3.csproj", "{47CD1701-68FD-4B77-B1C6-2A1D12CE1ADB}"
EndProject
Global
	GlobalSection(SolutionConfigurationPlatforms) = preSolution
		Debug|Any CPU = Debug|Any CPU
		Release|Any CPU = Release|Any CPU
	EndGlobalSection
	GlobalSection(ProjectConfigurationPlatforms) = postSolution
		{47CD1701-68FD-4B77-B1C6-2A1D12CE1ADB}.Debug|Any CPU.ActiveCfg = Debug|Any CPU
		{47CD1701-68FD-4B77-B1C6-2A1D12CE1ADB}.Debug|Any CPU.Build.0 = Debug|Any CPU
		{47CD1701-68FD-4B77-B1C6-2A1D12CE1ADB}.Release|Any CPU.ActiveCfg = Release|Any CPU
		{47CD1701-68FD-4B77-B1C6-2A1D12CE1ADB}.Release|Any CPU.Build.0 = Release|Any CPU
	EndGlobalSection
	GlobalSection(SolutionProperties) = preSolution
		HideSolutionNode = FALSE
	EndGlobalSection
	GlobalSection(ExtensibilityGlobals) = postSolution
		SolutionGuid = {B5DB8737-3FED-4C12-8EA1-2C985BD4E495}
	EndGlobalSection
EndGlobal
